
Microsoft Visual Studio Solution File, Format Version 12.00
# Visual Studio Version 17
VisualStudioVersion = 17.8.34525.116
MinimumVisualStudioVersion = 10.0.40219.1
Project("{FAE04EC0-301F-11D3-BF4B-00C04F79EFBC}") = "APIBoxPokerPIX", "APIBoxPokerPIX.csproj", "{4B5E934A-C695-4C66-B381-33EFB44A927F}"
EndProject
Project("{9A19103F-16F7-4668-BE54-9A1E7A4F7556}") = "boxpoker.network", "..\boxpoker.network\boxpoker.network.csproj", "{E0238378-4EDD-4AC7-81E4-468792AAF34F}"
EndProject
Project("{9A19103F-16F7-4668-BE54-9A1E7A4F7556}") = "boxpoker.pix", "..\boxpoker.pix\boxpoker.pix.csproj", "{5E51CEF4-A445-4405-A49E-40F1E8FDB99C}"
EndProject
Global
	GlobalSection(SolutionConfigurationPlatforms) = preSolution
		Debug|Any CPU = Debug|Any CPU
		Release|Any CPU = Release|Any CPU
	EndGlobalSection
	GlobalSection(ProjectConfigurationPlatforms) = postSolution
		{4B5E934A-C695-4C66-B381-33EFB44A927F}.Debug|Any CPU.ActiveCfg = Debug|Any CPU
		{4B5E934A-C695-4C66-B381-33EFB44A927F}.Debug|Any CPU.Build.0 = Debug|Any CPU
		{4B5E934A-C695-4C66-B381-33EFB44A927F}.Release|Any CPU.ActiveCfg = Release|Any CPU
		{4B5E934A-C695-4C66-B381-33EFB44A927F}.Release|Any CPU.Build.0 = Release|Any CPU
		{E0238378-4EDD-4AC7-81E4-468792AAF34F}.Debug|Any CPU.ActiveCfg = Debug|Any CPU
		{E0238378-4EDD-4AC7-81E4-468792AAF34F}.Debug|Any CPU.Build.0 = Debug|Any CPU
		{E0238378-4EDD-4AC7-81E4-468792AAF34F}.Release|Any CPU.ActiveCfg = Release|Any CPU
		{E0238378-4EDD-4AC7-81E4-468792AAF34F}.Release|Any CPU.Build.0 = Release|Any CPU
		{5E51CEF4-A445-4405-A49E-40F1E8FDB99C}.Debug|Any CPU.ActiveCfg = Debug|Any CPU
		{5E51CEF4-A445-4405-A49E-40F1E8FDB99C}.Debug|Any CPU.Build.0 = Debug|Any CPU
		{5E51CEF4-A445-4405-A49E-40F1E8FDB99C}.Release|Any CPU.ActiveCfg = Release|Any CPU
		{5E51CEF4-A445-4405-A49E-40F1E8FDB99C}.Release|Any CPU.Build.0 = Release|Any CPU
	EndGlobalSection
	GlobalSection(SolutionProperties) = preSolution
		HideSolutionNode = FALSE
	EndGlobalSection
	GlobalSection(ExtensibilityGlobals) = postSolution
		SolutionGuid = {B03ED356-465B-411E-AA74-A834E5C0CD16}
	EndGlobalSection
EndGlobal
